
Microsoft Visual Studio Solution File, Format Version 12.00
# Visual Studio 15
VisualStudioVersion = 15.0.27703.2035
MinimumVisualStudioVersion = 10.0.40219.1
Project("{FAE04EC0-301F-11D3-BF4B-00C04F79EFBC}") = "ConsolUI", "ConsolUI\ConsolUI.csproj", "{0E1FDEBD-E2D5-4337-8D3C-8A04D9A5624A}"
EndProject
Project("{FAE04EC0-301F-11D3-BF4B-00C04F79EFBC}") = "SRP.Library", "SRP.Library\SRP.Library.csproj", "{498CE4ED-CBDD-481E-8123-F72B3F3A418A}"
EndProject
Global
	GlobalSection(SolutionConfigurationPlatforms) = preSolution
		Debug|Any CPU = Debug|Any CPU
		Release|Any CPU = Release|Any CPU
	EndGlobalSection
	GlobalSection(ProjectConfigurationPlatforms) = postSolution
		{0E1FDEBD-E2D5-4337-8D3C-8A04D9A5624A}.Debug|Any CPU.ActiveCfg = Debug|Any CPU
		{0E1FDEBD-E2D5-4337-8D3C-8A04D9A5624A}.Debug|Any CPU.Build.0 = Debug|Any CPU
		{0E1FDEBD-E2D5-4337-8D3C-8A04D9A5624A}.Release|Any CPU.ActiveCfg = Release|Any CPU
		{0E1FDEBD-E2D5-4337-8D3C-8A04D9A5624A}.Release|Any CPU.Build.0 = Release|Any CPU
		{498CE4ED-CBDD-481E-8123-F72B3F3A418A}.Debug|Any CPU.ActiveCfg = Debug|Any CPU
		{498CE4ED-CBDD-481E-8123-F72B3F3A418A}.Debug|Any CPU.Build.0 = Debug|Any CPU
		{498CE4ED-CBDD-481E-8123-F72B3F3A418A}.Release|Any CPU.ActiveCfg = Release|Any CPU
		{498CE4ED-CBDD-481E-8123-F72B3F3A418A}.Release|Any CPU.Build.0 = Release|Any CPU
	EndGlobalSection
	GlobalSection(SolutionProperties) = preSolution
		HideSolutionNode = FALSE
	EndGlobalSection
	GlobalSection(ExtensibilityGlobals) = postSolution
		SolutionGuid = {FBF47F94-1968-4B1E-9218-8B1261984A74}
	EndGlobalSection
EndGlobal
