
Microsoft Visual Studio Solution File, Format Version 12.00
# Visual Studio 15
VisualStudioVersion = 15.0.27703.2026
MinimumVisualStudioVersion = 10.0.40219.1
Project("{FAE04EC0-301F-11D3-BF4B-00C04F79EFBC}") = "Console.UI", "OCPDemo\Console.UI.csproj", "{FCA06316-7373-4343-A23F-288BC295627E}"
EndProject
Project("{FAE04EC0-301F-11D3-BF4B-00C04F79EFBC}") = "OCP.Library", "OCP.Library\OCP.Library.csproj", "{1BAA9BC5-BC54-4BEB-B507-C7B4D5E6C24E}"
EndProject
Global
	GlobalSection(SolutionConfigurationPlatforms) = preSolution
		Debug|Any CPU = Debug|Any CPU
		Release|Any CPU = Release|Any CPU
	EndGlobalSection
	GlobalSection(ProjectConfigurationPlatforms) = postSolution
		{FCA06316-7373-4343-A23F-288BC295627E}.Debug|Any CPU.ActiveCfg = Debug|Any CPU
		{FCA06316-7373-4343-A23F-288BC295627E}.Debug|Any CPU.Build.0 = Debug|Any CPU
		{FCA06316-7373-4343-A23F-288BC295627E}.Release|Any CPU.ActiveCfg = Release|Any CPU
		{FCA06316-7373-4343-A23F-288BC295627E}.Release|Any CPU.Build.0 = Release|Any CPU
		{1BAA9BC5-BC54-4BEB-B507-C7B4D5E6C24E}.Debug|Any CPU.ActiveCfg = Debug|Any CPU
		{1BAA9BC5-BC54-4BEB-B507-C7B4D5E6C24E}.Debug|Any CPU.Build.0 = Debug|Any CPU
		{1BAA9BC5-BC54-4BEB-B507-C7B4D5E6C24E}.Release|Any CPU.ActiveCfg = Release|Any CPU
		{1BAA9BC5-BC54-4BEB-B507-C7B4D5E6C24E}.Release|Any CPU.Build.0 = Release|Any CPU
	EndGlobalSection
	GlobalSection(SolutionProperties) = preSolution
		HideSolutionNode = FALSE
	EndGlobalSection
	GlobalSection(ExtensibilityGlobals) = postSolution
		SolutionGuid = {E1070400-3880-4DC0-918C-E36C2F313AE8}
	EndGlobalSection
EndGlobal
